
Microsoft Visual Studio Solution File, Format Version 12.00
# Visual Studio Version 17
VisualStudioVersion = 17.5.002.0
MinimumVisualStudioVersion = 10.0.40219.1
Project("{9A19103F-16F7-4668-BE54-9A1E7A4F7556}") = "ModuloAPI", "ModuloAPI.csproj", "{F5428DF6-D9F1-48BC-8528-4ECBD98CA00F}"
EndProject
Global
	GlobalSection(SolutionConfigurationPlatforms) = preSolution
		Debug|Any CPU = Debug|Any CPU
		Release|Any CPU = Release|Any CPU
	EndGlobalSection
	GlobalSection(ProjectConfigurationPlatforms) = postSolution
		{F5428DF6-D9F1-48BC-8528-4ECBD98CA00F}.Debug|Any CPU.ActiveCfg = Debug|Any CPU
		{F5428DF6-D9F1-48BC-8528-4ECBD98CA00F}.Debug|Any CPU.Build.0 = Debug|Any CPU
		{F5428DF6-D9F1-48BC-8528-4ECBD98CA00F}.Release|Any CPU.ActiveCfg = Release|Any CPU
		{F5428DF6-D9F1-48BC-8528-4ECBD98CA00F}.Release|Any CPU.Build.0 = Release|Any CPU
	EndGlobalSection
	GlobalSection(SolutionProperties) = preSolution
		HideSolutionNode = FALSE
	EndGlobalSection
	GlobalSection(ExtensibilityGlobals) = postSolution
		SolutionGuid = {511D266A-8842-4557-8E89-5D75FE891D18}
	EndGlobalSection
EndGlobal
